
Microsoft Visual Studio Solution File, Format Version 12.00
# Visual Studio Version 16
VisualStudioVersion = 16.0.30907.101
MinimumVisualStudioVersion = 10.0.40219.1
Project("{FAE04EC0-301F-11D3-BF4B-00C04F79EFBC}") = "HesapMakinesiMetod", "HesapMakinesiMetod\HesapMakinesiMetod.csproj", "{77251883-0E82-4A64-80FE-1065EF86C02D}"
EndProject
Global
	GlobalSection(SolutionConfigurationPlatforms) = preSolution
		Debug|Any CPU = Debug|Any CPU
		Release|Any CPU = Release|Any CPU
	EndGlobalSection
	GlobalSection(ProjectConfigurationPlatforms) = postSolution
		{77251883-0E82-4A64-80FE-1065EF86C02D}.Debug|Any CPU.ActiveCfg = Debug|Any CPU
		{77251883-0E82-4A64-80FE-1065EF86C02D}.Debug|Any CPU.Build.0 = Debug|Any CPU
		{77251883-0E82-4A64-80FE-1065EF86C02D}.Release|Any CPU.ActiveCfg = Release|Any CPU
		{77251883-0E82-4A64-80FE-1065EF86C02D}.Release|Any CPU.Build.0 = Release|Any CPU
	EndGlobalSection
	GlobalSection(SolutionProperties) = preSolution
		HideSolutionNode = FALSE
	EndGlobalSection
	GlobalSection(ExtensibilityGlobals) = postSolution
		SolutionGuid = {BA631785-B31E-4739-B1A7-155187ABE506}
	EndGlobalSection
EndGlobal
